
Microsoft Visual Studio Solution File, Format Version 12.00
# Visual Studio 14
VisualStudioVersion = 14.0.25420.1
MinimumVisualStudioVersion = 10.0.40219.1
Project("{2150E333-8FDC-42A3-9474-1A3956D46DE8}") = "SolutionItems", "SolutionItems", "{9F725242-157F-444F-8029-8BAE22D3F78F}"
	ProjectSection(SolutionItems) = preProject
		.editorconfig = .editorconfig
		build.cmd = build.cmd
		build.fsx = build.fsx
		build.sh = build.sh
	EndProjectSection
EndProject
Project("{2150E333-8FDC-42A3-9474-1A3956D46DE8}") = "src", "src", "{3E6972F1-7310-4BBF-A220-6B177FF4E65C}"
EndProject
Project("{2150E333-8FDC-42A3-9474-1A3956D46DE8}") = "test", "test", "{7647A4BD-398B-4497-B740-D0E128381C37}"
EndProject
Project("{2150E333-8FDC-42A3-9474-1A3956D46DE8}") = "examples", "examples", "{11FB22BB-F1D5-47D4-AA2F-8EBD0103FF25}"
EndProject
Project("{8BB2217D-0F2D-49D1-97BC-3654ED321F3B}") = "Serilog.Sinks.RollingFileAlternate", "src\Serilog.Sinks.RollingFileAlternate\Serilog.Sinks.RollingFileAlternate.xproj", "{F836EDD6-5958-4DA5-B9B8-D77113083F22}"
EndProject
Project("{8BB2217D-0F2D-49D1-97BC-3654ED321F3B}") = "Serilog.Sinks.RollingFileAlternate.Tests", "test\Serilog.Sinks.RollingFileAlternate.Tests\Serilog.Sinks.RollingFileAlternate.Tests.xproj", "{060CF269-C2BF-4529-8395-BDE3C92FD151}"
EndProject
Project("{8BB2217D-0F2D-49D1-97BC-3654ED321F3B}") = "ExampleApp", "examples\ExampleApp\ExampleApp.xproj", "{36459431-03AE-4CD5-B4E5-1784571D9D5C}"
EndProject
Global
	GlobalSection(SolutionConfigurationPlatforms) = preSolution
		Debug|Any CPU = Debug|Any CPU
		Release|Any CPU = Release|Any CPU
	EndGlobalSection
	GlobalSection(ProjectConfigurationPlatforms) = postSolution
		{F836EDD6-5958-4DA5-B9B8-D77113083F22}.Debug|Any CPU.ActiveCfg = Debug|Any CPU
		{F836EDD6-5958-4DA5-B9B8-D77113083F22}.Debug|Any CPU.Build.0 = Debug|Any CPU
		{F836EDD6-5958-4DA5-B9B8-D77113083F22}.Release|Any CPU.ActiveCfg = Release|Any CPU
		{F836EDD6-5958-4DA5-B9B8-D77113083F22}.Release|Any CPU.Build.0 = Release|Any CPU
		{060CF269-C2BF-4529-8395-BDE3C92FD151}.Debug|Any CPU.ActiveCfg = Debug|Any CPU
		{060CF269-C2BF-4529-8395-BDE3C92FD151}.Debug|Any CPU.Build.0 = Debug|Any CPU
		{060CF269-C2BF-4529-8395-BDE3C92FD151}.Release|Any CPU.ActiveCfg = Release|Any CPU
		{060CF269-C2BF-4529-8395-BDE3C92FD151}.Release|Any CPU.Build.0 = Release|Any CPU
		{36459431-03AE-4CD5-B4E5-1784571D9D5C}.Debug|Any CPU.ActiveCfg = Debug|Any CPU
		{36459431-03AE-4CD5-B4E5-1784571D9D5C}.Debug|Any CPU.Build.0 = Debug|Any CPU
		{36459431-03AE-4CD5-B4E5-1784571D9D5C}.Release|Any CPU.ActiveCfg = Release|Any CPU
		{36459431-03AE-4CD5-B4E5-1784571D9D5C}.Release|Any CPU.Build.0 = Release|Any CPU
	EndGlobalSection
	GlobalSection(SolutionProperties) = preSolution
		HideSolutionNode = FALSE
	EndGlobalSection
	GlobalSection(NestedProjects) = preSolution
		{F836EDD6-5958-4DA5-B9B8-D77113083F22} = {3E6972F1-7310-4BBF-A220-6B177FF4E65C}
		{060CF269-C2BF-4529-8395-BDE3C92FD151} = {7647A4BD-398B-4497-B740-D0E128381C37}
		{36459431-03AE-4CD5-B4E5-1784571D9D5C} = {11FB22BB-F1D5-47D4-AA2F-8EBD0103FF25}
	EndGlobalSection
EndGlobal
